// !$*UTF8*$!
{
	archiveVersion = 1;
	classes = {
	};
	objectVersion = 50;
	objects = {

/* Begin PBXBuildFile section */
		9D23B13324DEE11D000549E3 /* MapKitExensions.swift in Sources */ = {isa = PBXBuildFile; fileRef = 9D23B13224DEE11D000549E3 /* MapKitExensions.swift */; };
		9D23B13424DEE128000549E3 /* MapKitExensions.swift in Sources */ = {isa = PBXBuildFile; fileRef = 9D23B13224DEE11D000549E3 /* MapKitExensions.swift */; };
		9D42B0E924DEDB3900824CDC /* AppDelegate.swift in Sources */ = {isa = PBXBuildFile; fileRef = 9D42B0E824DEDB3900824CDC /* AppDelegate.swift */; };
		9D42B0EB24DEDB3900824CDC /* SceneDelegate.swift in Sources */ = {isa = PBXBuildFile; fileRef = 9D42B0EA24DEDB3900824CDC /* SceneDelegate.swift */; };
		9D42B0ED24DEDB3900824CDC /* ViewController.swift in Sources */ = {isa = PBXBuildFile; fileRef = 9D42B0EC24DEDB3900824CDC /* ViewController.swift */; };
		9D42B0F024DEDB3900824CDC /* Main.storyboard in Resources */ = {isa = PBXBuildFile; fileRef = 9D42B0EE24DEDB3900824CDC /* Main.storyboard */; };
		9D42B0F224DEDB3C00824CDC /* Assets.xcassets in Resources */ = {isa = PBXBuildFile; fileRef = 9D42B0F124DEDB3C00824CDC /* Assets.xcassets */; };
		9D42B0F524DEDB3C00824CDC /* LaunchScreen.storyboard in Resources */ = {isa = PBXBuildFile; fileRef = 9D42B0F324DEDB3C00824CDC /* LaunchScreen.storyboard */; };
		9D42B10024DEDB3C00824CDC /* MapKitExtensionsTests.swift in Sources */ = {isa = PBXBuildFile; fileRef = 9D42B0FF24DEDB3C00824CDC /* MapKitExtensionsTests.swift */; };
/* End PBXBuildFile section */

/* Begin PBXContainerItemProxy section */
		9D42B0FC24DEDB3C00824CDC /* PBXContainerItemProxy */ = {
			isa = PBXContainerItemProxy;
			containerPortal = 9D42B0DD24DEDB3900824CDC /* Project object */;
			proxyType = 1;
			remoteGlobalIDString = 9D42B0E424DEDB3900824CDC;
			remoteInfo = MapKitExtensions;
		};
/* End PBXContainerItemProxy section */

/* Begin PBXFileReference section */
		9D23B13224DEE11D000549E3 /* MapKitExensions.swift */ = {isa = PBXFileReference; fileEncoding = 4; lastKnownFileType = sourcecode.swift; path = MapKitExensions.swift; sourceTree = "<group>"; };
		9D42B0E524DEDB3900824CDC /* MapKitExtensions.app */ = {isa = PBXFileReference; explicitFileType = wrapper.application; includeInIndex = 0; path = MapKitExtensions.app; sourceTree = BUILT_PRODUCTS_DIR; };
		9D42B0E824DEDB3900824CDC /* AppDelegate.swift */ = {isa = PBXFileReference; lastKnownFileType = sourcecode.swift; path = AppDelegate.swift; sourceTree = "<group>"; };
		9D42B0EA24DEDB3900824CDC /* SceneDelegate.swift */ = {isa = PBXFileReference; lastKnownFileType = sourcecode.swift; path = SceneDelegate.swift; sourceTree = "<group>"; };
		9D42B0EC24DEDB3900824CDC /* ViewController.swift */ = {isa = PBXFileReference; lastKnownFileType = sourcecode.swift; path = ViewController.swift; sourceTree = "<group>"; };
		9D42B0EF24DEDB3900824CDC /* Base */ = {isa = PBXFileReference; lastKnownFileType = file.storyboard; name = Base; path = Base.lproj/Main.storyboard; sourceTree = "<group>"; };
		9D42B0F124DEDB3C00824CDC /* Assets.xcassets */ = {isa = PBXFileReference; lastKnownFileType = folder.assetcatalog; path = Assets.xcassets; sourceTree = "<group>"; };
		9D42B0F424DEDB3C00824CDC /* Base */ = {isa = PBXFileReference; lastKnownFileType = file.storyboard; name = Base; path = Base.lproj/LaunchScreen.storyboard; sourceTree = "<group>"; };
		9D42B0F624DEDB3C00824CDC /* Info.plist */ = {isa = PBXFileReference; lastKnownFileType = text.plist.xml; path = Info.plist; sourceTree = "<group>"; };
		9D42B0FB24DEDB3C00824CDC /* MapKitExtensionsTests.xctest */ = {isa = PBXFileReference; explicitFileType = wrapper.cfbundle; includeInIndex = 0; path = MapKitExtensionsTests.xctest; sourceTree = BUILT_PRODUCTS_DIR; };
		9D42B0FF24DEDB3C00824CDC /* MapKitExtensionsTests.swift */ = {isa = PBXFileReference; lastKnownFileType = sourcecode.swift; path = MapKitExtensionsTests.swift; sourceTree = "<group>"; };
		9D42B10124DEDB3C00824CDC /* Info.plist */ = {isa = PBXFileReference; lastKnownFileType = text.plist.xml; path = Info.plist; sourceTree = "<group>"; };
/* End PBXFileReference section */

/* Begin PBXFrameworksBuildPhase section */
		9D42B0E224DEDB3900824CDC /* Frameworks */ = {
			isa = PBXFrameworksBuildPhase;
			buildActionMask = 2147483647;
			files = (
			);
			runOnlyForDeploymentPostprocessing = 0;
		};
		9D42B0F824DEDB3C00824CDC /* Frameworks */ = {
			isa = PBXFrameworksBuildPhase;
			buildActionMask = 2147483647;
			files = (
			);
			runOnlyForDeploymentPostprocessing = 0;
		};
/* End PBXFrameworksBuildPhase section */

/* Begin PBXGroup section */
		9D42B0DC24DEDB3900824CDC = {
			isa = PBXGroup;
			children = (
				9D42B0E724DEDB3900824CDC /* MapKitExtensions */,
				9D42B0FE24DEDB3C00824CDC /* MapKitExtensionsTests */,
				9D42B0E624DEDB3900824CDC /* Products */,
			);
			sourceTree = "<group>";
		};
		9D42B0E624DEDB3900824CDC /* Products */ = {
			isa = PBXGroup;
			children = (
				9D42B0E524DEDB3900824CDC /* MapKitExtensions.app */,
				9D42B0FB24DEDB3C00824CDC /* MapKitExtensionsTests.xctest */,
			);
			name = Products;
			sourceTree = "<group>";
		};
		9D42B0E724DEDB3900824CDC /* MapKitExtensions */ = {
			isa = PBXGroup;
			children = (
				9D42B10B24DEDE1000824CDC /* App */,
				9D42B10C24DEDE3B00824CDC /* Controllers */,
				9D42B10A24DEDDF900824CDC /* Extensions */,
				9D42B0F124DEDB3C00824CDC /* Assets.xcassets */,
				9D42B0F624DEDB3C00824CDC /* Info.plist */,
			);
			path = MapKitExtensions;
			sourceTree = "<group>";
		};
		9D42B0FE24DEDB3C00824CDC /* MapKitExtensionsTests */ = {
			isa = PBXGroup;
			children = (
				9D42B0FF24DEDB3C00824CDC /* MapKitExtensionsTests.swift */,
				9D42B10124DEDB3C00824CDC /* Info.plist */,
			);
			path = MapKitExtensionsTests;
			sourceTree = "<group>";
		};
		9D42B10A24DEDDF900824CDC /* Extensions */ = {
			isa = PBXGroup;
			children = (
				9D23B13224DEE11D000549E3 /* MapKitExensions.swift */,
			);
			path = Extensions;
			sourceTree = "<group>";
		};
		9D42B10B24DEDE1000824CDC /* App */ = {
			isa = PBXGroup;
			children = (
				9D42B0E824DEDB3900824CDC /* AppDelegate.swift */,
				9D42B0EA24DEDB3900824CDC /* SceneDelegate.swift */,
				9D42B0EE24DEDB3900824CDC /* Main.storyboard */,
				9D42B0F324DEDB3C00824CDC /* LaunchScreen.storyboard */,
			);
			path = App;
			sourceTree = "<group>";
		};
		9D42B10C24DEDE3B00824CDC /* Controllers */ = {
			isa = PBXGroup;
			children = (
				9D42B0EC24DEDB3900824CDC /* ViewController.swift */,
			);
			path = Controllers;
			sourceTree = "<group>";
		};
/* End PBXGroup section */

/* Begin PBXNativeTarget section */
		9D42B0E424DEDB3900824CDC /* MapKitExtensions */ = {
			isa = PBXNativeTarget;
			buildConfigurationList = 9D42B10424DEDB3C00824CDC /* Build configuration list for PBXNativeTarget "MapKitExtensions" */;
			buildPhases = (
				9D42B0E124DEDB3900824CDC /* Sources */,
				9D42B0E224DEDB3900824CDC /* Frameworks */,
				9D42B0E324DEDB3900824CDC /* Resources */,
			);
			buildRules = (
			);
			dependencies = (
			);
			name = MapKitExtensions;
			productName = MapKitExtensions;
			productReference = 9D42B0E524DEDB3900824CDC /* MapKitExtensions.app */;
			productType = "com.apple.product-type.application";
		};
		9D42B0FA24DEDB3C00824CDC /* MapKitExtensionsTests */ = {
			isa = PBXNativeTarget;
			buildConfigurationList = 9D42B10724DEDB3C00824CDC /* Build configuration list for PBXNativeTarget "MapKitExtensionsTests" */;
			buildPhases = (
				9D42B0F724DEDB3C00824CDC /* Sources */,
				9D42B0F824DEDB3C00824CDC /* Frameworks */,
				9D42B0F924DEDB3C00824CDC /* Resources */,
			);
			buildRules = (
			);
			dependencies = (
				9D42B0FD24DEDB3C00824CDC /* PBXTargetDependency */,
			);
			name = MapKitExtensionsTests;
			productName = MapKitExtensionsTests;
			productReference = 9D42B0FB24DEDB3C00824CDC /* MapKitExtensionsTests.xctest */;
			productType = "com.apple.product-type.bundle.unit-test";
		};
/* End PBXNativeTarget section */

/* Begin PBXProject section */
		9D42B0DD24DEDB3900824CDC /* Project object */ = {
			isa = PBXProject;
			attributes = {
				LastSwiftUpdateCheck = 1160;
				LastUpgradeCheck = 1160;
				ORGANIZATIONNAME = "Rudolf Farkas";
				TargetAttributes = {
					9D42B0E424DEDB3900824CDC = {
						CreatedOnToolsVersion = 11.6;
					};
					9D42B0FA24DEDB3C00824CDC = {
						CreatedOnToolsVersion = 11.6;
						TestTargetID = 9D42B0E424DEDB3900824CDC;
					};
				};
			};
			buildConfigurationList = 9D42B0E024DEDB3900824CDC /* Build configuration list for PBXProject "MapKitExtensions" */;
			compatibilityVersion = "Xcode 9.3";
			developmentRegion = en;
			hasScannedForEncodings = 0;
			knownRegions = (
				en,
				Base,
			);
			mainGroup = 9D42B0DC24DEDB3900824CDC;
			productRefGroup = 9D42B0E624DEDB3900824CDC /* Products */;
			projectDirPath = "";
			projectRoot = "";
			targets = (
				9D42B0E424DEDB3900824CDC /* MapKitExtensions */,
				9D42B0FA24DEDB3C00824CDC /* MapKitExtensionsTests */,
			);
		};
/* End PBXProject section */

/* Begin PBXResourcesBuildPhase section */
		9D42B0E324DEDB3900824CDC /* Resources */ = {
			isa = PBXResourcesBuildPhase;
			buildActionMask = 2147483647;
			files = (
				9D42B0F524DEDB3C00824CDC /* LaunchScreen.storyboard in Resources */,
				9D42B0F224DEDB3C00824CDC /* Assets.xcassets in Resources */,
				9D42B0F024DEDB3900824CDC /* Main.storyboard in Resources */,
			);
			runOnlyForDeploymentPostprocessing = 0;
		};
		9D42B0F924DEDB3C00824CDC /* Resources */ = {
			isa = PBXResourcesBuildPhase;
			buildActionMask = 2147483647;
			files = (
			);
			runOnlyForDeploymentPostprocessing = 0;
		};
/* End PBXResourcesBuildPhase section */

/* Begin PBXSourcesBuildPhase section */
		9D42B0E124DEDB3900824CDC /* Sources */ = {
			isa = PBXSourcesBuildPhase;
			buildActionMask = 2147483647;
			files = (
				9D42B0ED24DEDB3900824CDC /* ViewController.swift in Sources */,
				9D42B0E924DEDB3900824CDC /* AppDelegate.swift in Sources */,
				9D23B13324DEE11D000549E3 /* MapKitExensions.swift in Sources */,
				9D42B0EB24DEDB3900824CDC /* SceneDelegate.swift in Sources */,
			);
			runOnlyForDeploymentPostprocessing = 0;
		};
		9D42B0F724DEDB3C00824CDC /* Sources */ = {
			isa = PBXSourcesBuildPhase;
			buildActionMask = 2147483647;
			files = (
				9D23B13424DEE128000549E3 /* MapKitExensions.swift in Sources */,
				9D42B10024DEDB3C00824CDC /* MapKitExtensionsTests.swift in Sources */,
			);
			runOnlyForDeploymentPostprocessing = 0;
		};
/* End PBXSourcesBuildPhase section */

/* Begin PBXTargetDependency section */
		9D42B0FD24DEDB3C00824CDC /* PBXTargetDependency */ = {
			isa = PBXTargetDependency;
			target = 9D42B0E424DEDB3900824CDC /* MapKitExtensions */;
			targetProxy = 9D42B0FC24DEDB3C00824CDC /* PBXContainerItemProxy */;
		};
/* End PBXTargetDependency section */

/* Begin PBXVariantGroup section */
		9D42B0EE24DEDB3900824CDC /* Main.storyboard */ = {
			isa = PBXVariantGroup;
			children = (
				9D42B0EF24DEDB3900824CDC /* Base */,
			);
			name = Main.storyboard;
			sourceTree = "<group>";
		};
		9D42B0F324DEDB3C00824CDC /* LaunchScreen.storyboard */ = {
			isa = PBXVariantGroup;
			children = (
				9D42B0F424DEDB3C00824CDC /* Base */,
			);
			name = LaunchScreen.storyboard;
			sourceTree = "<group>";
		};
/* End PBXVariantGroup section */

/* Begin XCBuildConfiguration section */
		9D42B10224DEDB3C00824CDC /* Debug */ = {
			isa = XCBuildConfiguration;
			buildSettings = {
				ALWAYS_SEARCH_USER_PATHS = NO;
				CLANG_ANALYZER_NONNULL = YES;
				CLANG_ANALYZER_NUMBER_OBJECT_CONVERSION = YES_AGGRESSIVE;
				CLANG_CXX_LANGUAGE_STANDARD = "gnu++14";
				CLANG_CXX_LIBRARY = "libc++";
				CLANG_ENABLE_MODULES = YES;
				CLANG_ENABLE_OBJC_ARC = YES;
				CLANG_ENABLE_OBJC_WEAK = YES;
				CLANG_WARN_BLOCK_CAPTURE_AUTORELEASING = YES;
				CLANG_WARN_BOOL_CONVERSION = YES;
				CLANG_WARN_COMMA = YES;
				CLANG_WARN_CONSTANT_CONVERSION = YES;
				CLANG_WARN_DEPRECATED_OBJC_IMPLEMENTATIONS = YES;
				CLANG_WARN_DIRECT_OBJC_ISA_USAGE = YES_ERROR;
				CLANG_WARN_DOCUMENTATION_COMMENTS = YES;
				CLANG_WARN_EMPTY_BODY = YES;
				CLANG_WARN_ENUM_CONVERSION = YES;
				CLANG_WARN_INFINITE_RECURSION = YES;
				CLANG_WARN_INT_CONVERSION = YES;
				CLANG_WARN_NON_LITERAL_NULL_CONVERSION = YES;
				CLANG_WARN_OBJC_IMPLICIT_RETAIN_SELF = YES;
				CLANG_WARN_OBJC_LITERAL_CONVERSION = YES;
				CLANG_WARN_OBJC_ROOT_CLASS = YES_ERROR;
				CLANG_WARN_RANGE_LOOP_ANALYSIS = YES;
				CLANG_WARN_STRICT_PROTOTYPES = YES;
				CLANG_WARN_SUSPICIOUS_MOVE = YES;
				CLANG_WARN_UNGUARDED_AVAILABILITY = YES_AGGRESSIVE;
				CLANG_WARN_UNREACHABLE_CODE = YES;
				CLANG_WARN__DUPLICATE_METHOD_MATCH = YES;
				COPY_PHASE_STRIP = NO;
				DEBUG_INFORMATION_FORMAT = dwarf;
				ENABLE_STRICT_OBJC_MSGSEND = YES;
				ENABLE_TESTABILITY = YES;
				GCC_C_LANGUAGE_STANDARD = gnu11;
				GCC_DYNAMIC_NO_PIC = NO;
				GCC_NO_COMMON_BLOCKS = YES;
				GCC_OPTIMIZATION_LEVEL = 0;
				GCC_PREPROCESSOR_DEFINITIONS = (
					"DEBUG=1",
					"$(inherited)",
				);
				GCC_WARN_64_TO_32_BIT_CONVERSION = YES;
				GCC_WARN_ABOUT_RETURN_TYPE = YES_ERROR;
				GCC_WARN_UNDECLARED_SELECTOR = YES;
				GCC_WARN_UNINITIALIZED_AUTOS = YES_AGGRESSIVE;
				GCC_WARN_UNUSED_FUNCTION = YES;
				GCC_WARN_UNUSED_VARIABLE = YES;
				IPHONEOS_DEPLOYMENT_TARGET = 13.6;
				MTL_ENABLE_DEBUG_INFO = INCLUDE_SOURCE;
				MTL_FAST_MATH = YES;
				ONLY_ACTIVE_ARCH = YES;
				SDKROOT = iphoneos;
				SWIFT_ACTIVE_COMPILATION_CONDITIONS = DEBUG;
				SWIFT_OPTIMIZATION_LEVEL = "-Onone";
			};
			name = Debug;
		};
		9D42B10324DEDB3C00824CDC /* Release */ = {
			isa = XCBuildConfiguration;
			buildSettings = {
				ALWAYS_SEARCH_USER_PATHS = NO;
				CLANG_ANALYZER_NONNULL = YES;
				CLANG_ANALYZER_NUMBER_OBJECT_CONVERSION = YES_AGGRESSIVE;
				CLANG_CXX_LANGUAGE_STANDARD = "gnu++14";
				CLANG_CXX_LIBRARY = "libc++";
				CLANG_ENABLE_MODULES = YES;
				CLANG_ENABLE_OBJC_ARC = YES;
				CLANG_ENABLE_OBJC_WEAK = YES;
				CLANG_WARN_BLOCK_CAPTURE_AUTORELEASING = YES;
				CLANG_WARN_BOOL_CONVERSION = YES;
				CLANG_WARN_COMMA = YES;
				CLANG_WARN_CONSTANT_CONVERSION = YES;
				CLANG_WARN_DEPRECATED_OBJC_IMPLEMENTATIONS = YES;
				CLANG_WARN_DIRECT_OBJC_ISA_USAGE = YES_ERROR;
				CLANG_WARN_DOCUMENTATION_COMMENTS = YES;
				CLANG_WARN_EMPTY_BODY = YES;
				CLANG_WARN_ENUM_CONVERSION = YES;
				CLANG_WARN_INFINITE_RECURSION = YES;
				CLANG_WARN_INT_CONVERSION = YES;
				CLANG_WARN_NON_LITERAL_NULL_CONVERSION = YES;
				CLANG_WARN_OBJC_IMPLICIT_RETAIN_SELF = YES;
				CLANG_WARN_OBJC_LITERAL_CONVERSION = YES;
				CLANG_WARN_OBJC_ROOT_CLASS = YES_ERROR;
				CLANG_WARN_RANGE_LOOP_ANALYSIS = YES;
				CLANG_WARN_STRICT_PROTOTYPES = YES;
				CLANG_WARN_SUSPICIOUS_MOVE = YES;
				CLANG_WARN_UNGUARDED_AVAILABILITY = YES_AGGRESSIVE;
				CLANG_WARN_UNREACHABLE_CODE = YES;
				CLANG_WARN__DUPLICATE_METHOD_MATCH = YES;
				COPY_PHASE_STRIP = NO;
				DEBUG_INFORMATION_FORMAT = "dwarf-with-dsym";
				ENABLE_NS_ASSERTIONS = NO;
				ENABLE_STRICT_OBJC_MSGSEND = YES;
				GCC_C_LANGUAGE_STANDARD = gnu11;
				GCC_NO_COMMON_BLOCKS = YES;
				GCC_WARN_64_TO_32_BIT_CONVERSION = YES;
				GCC_WARN_ABOUT_RETURN_TYPE = YES_ERROR;
				GCC_WARN_UNDECLARED_SELECTOR = YES;
				GCC_WARN_UNINITIALIZED_AUTOS = YES_AGGRESSIVE;
				GCC_WARN_UNUSED_FUNCTION = YES;
				GCC_WARN_UNUSED_VARIABLE = YES;
				IPHONEOS_DEPLOYMENT_TARGET = 13.6;
				MTL_ENABLE_DEBUG_INFO = NO;
				MTL_FAST_MATH = YES;
				SDKROOT = iphoneos;
				SWIFT_COMPILATION_MODE = wholemodule;
				SWIFT_OPTIMIZATION_LEVEL = "-O";
				VALIDATE_PRODUCT = YES;
			};
			name = Release;
		};
		9D42B10524DEDB3C00824CDC /* Debug */ = {
			isa = XCBuildConfiguration;
			buildSettings = {
				ASSETCATALOG_COMPILER_APPICON_NAME = AppIcon;
				CODE_SIGN_STYLE = Automatic;
				DEVELOPMENT_TEAM = LHA84NAPNA;
				INFOPLIST_FILE = MapKitExtensions/Info.plist;
				LD_RUNPATH_SEARCH_PATHS = (
					"$(inherited)",
					"@executable_path/Frameworks",
				);
				PRODUCT_BUNDLE_IDENTIFIER = ch.rudifa.MapKitExtensions;
				PRODUCT_NAME = "$(TARGET_NAME)";
				SWIFT_VERSION = 5.0;
				TARGETED_DEVICE_FAMILY = "1,2";
			};
			name = Debug;
		};
		9D42B10624DEDB3C00824CDC /* Release */ = {
			isa = XCBuildConfiguration;
			buildSettings = {
				ASSETCATALOG_COMPILER_APPICON_NAME = AppIcon;
				CODE_SIGN_STYLE = Automatic;
				DEVELOPMENT_TEAM = LHA84NAPNA;
				INFOPLIST_FILE = MapKitExtensions/Info.plist;
				LD_RUNPATH_SEARCH_PATHS = (
					"$(inherited)",
					"@executable_path/Frameworks",
				);
				PRODUCT_BUNDLE_IDENTIFIER = ch.rudifa.MapKitExtensions;
				PRODUCT_NAME = "$(TARGET_NAME)";
				SWIFT_VERSION = 5.0;
				TARGETED_DEVICE_FAMILY = "1,2";
			};
			name = Release;
		};
		9D42B10824DEDB3C00824CDC /* Debug */ = {
			isa = XCBuildConfiguration;
			buildSettings = {
				ALWAYS_EMBED_SWIFT_STANDARD_LIBRARIES = YES;
				BUNDLE_LOADER = "$(TEST_HOST)";
				CODE_SIGN_STYLE = Automatic;
				DEVELOPMENT_TEAM = LHA84NAPNA;
				INFOPLIST_FILE = MapKitExtensionsTests/Info.plist;
				IPHONEOS_DEPLOYMENT_TARGET = 13.6;
				LD_RUNPATH_SEARCH_PATHS = (
					"$(inherited)",
					"@executable_path/Frameworks",
					"@loader_path/Frameworks",
				);
				PRODUCT_BUNDLE_IDENTIFIER = ch.rudifa.MapKitExtensionsTests;
				PRODUCT_NAME = "$(TARGET_NAME)";
				SWIFT_VERSION = 5.0;
				TARGETED_DEVICE_FAMILY = "1,2";
				TEST_HOST = "$(BUILT_PRODUCTS_DIR)/MapKitExtensions.app/MapKitExtensions";
			};
			name = Debug;
		};
		9D42B10924DEDB3C00824CDC /* Release */ = {
			isa = XCBuildConfiguration;
			buildSettings = {
				ALWAYS_EMBED_SWIFT_STANDARD_LIBRARIES = YES;
				BUNDLE_LOADER = "$(TEST_HOST)";
				CODE_SIGN_STYLE = Automatic;
				DEVELOPMENT_TEAM = LHA84NAPNA;
				INFOPLIST_FILE = MapKitExtensionsTests/Info.plist;
				IPHONEOS_DEPLOYMENT_TARGET = 13.6;
				LD_RUNPATH_SEARCH_PATHS = (
					"$(inherited)",
					"@executable_path/Frameworks",
					"@loader_path/Frameworks",
				);
				PRODUCT_BUNDLE_IDENTIFIER = ch.rudifa.MapKitExtensionsTests;
				PRODUCT_NAME = "$(TARGET_NAME)";
				SWIFT_VERSION = 5.0;
				TARGETED_DEVICE_FAMILY = "1,2";
				TEST_HOST = "$(BUILT_PRODUCTS_DIR)/MapKitExtensions.app/MapKitExtensions";
			};
			name = Release;
		};
/* End XCBuildConfiguration section */

/* Begin XCConfigurationList section */
		9D42B0E024DEDB3900824CDC /* Build configuration list for PBXProject "MapKitExtensions" */ = {
			isa = XCConfigurationList;
			buildConfigurations = (
				9D42B10224DEDB3C00824CDC /* Debug */,
				9D42B10324DEDB3C00824CDC /* Release */,
			);
			defaultConfigurationIsVisible = 0;
			defaultConfigurationName = Release;
		};
		9D42B10424DEDB3C00824CDC /* Build configuration list for PBXNativeTarget "MapKitExtensions" */ = {
			isa = XCConfigurationList;
			buildConfigurations = (
				9D42B10524DEDB3C00824CDC /* Debug */,
				9D42B10624DEDB3C00824CDC /* Release */,
			);
			defaultConfigurationIsVisible = 0;
			defaultConfigurationName = Release;
		};
		9D42B10724DEDB3C00824CDC /* Build configuration list for PBXNativeTarget "MapKitExtensionsTests" */ = {
			isa = XCConfigurationList;
			buildConfigurations = (
				9D42B10824DEDB3C00824CDC /* Debug */,
				9D42B10924DEDB3C00824CDC /* Release */,
			);
			defaultConfigurationIsVisible = 0;
			defaultConfigurationName = Release;
		};
/* End XCConfigurationList section */
	};
	rootObject = 9D42B0DD24DEDB3900824CDC /* Project object */;
}
